
Microsoft Visual Studio Solution File, Format Version 12.00
Project("{FAE04EC0-301F-11D3-BF4B-00C04F79EFBC}") = "ArturRios.Configuration", "ArturRios.Configuration.csproj", "{433F21F5-A33E-4E86-A54A-501F61DEFD64}"
EndProject
Project("{FAE04EC0-301F-11D3-BF4B-00C04F79EFBC}") = "ArturRios.Configuration.Tests", "..\tests\ArturRios.Configuration.Tests\ArturRios.Configuration.Tests.csproj", "{CF0A5B64-661E-4CC8-BA4D-D484ABD8E899}"
EndProject
Global
	GlobalSection(SolutionConfigurationPlatforms) = preSolution
		Debug|Any CPU = Debug|Any CPU
		Release|Any CPU = Release|Any CPU
	EndGlobalSection
	GlobalSection(ProjectConfigurationPlatforms) = postSolution
		{433F21F5-A33E-4E86-A54A-501F61DEFD64}.Debug|Any CPU.ActiveCfg = Debug|Any CPU
		{433F21F5-A33E-4E86-A54A-501F61DEFD64}.Debug|Any CPU.Build.0 = Debug|Any CPU
		{433F21F5-A33E-4E86-A54A-501F61DEFD64}.Release|Any CPU.ActiveCfg = Release|Any CPU
		{433F21F5-A33E-4E86-A54A-501F61DEFD64}.Release|Any CPU.Build.0 = Release|Any CPU
		{CF0A5B64-661E-4CC8-BA4D-D484ABD8E899}.Debug|Any CPU.ActiveCfg = Debug|Any CPU
		{CF0A5B64-661E-4CC8-BA4D-D484ABD8E899}.Debug|Any CPU.Build.0 = Debug|Any CPU
		{CF0A5B64-661E-4CC8-BA4D-D484ABD8E899}.Release|Any CPU.ActiveCfg = Release|Any CPU
		{CF0A5B64-661E-4CC8-BA4D-D484ABD8E899}.Release|Any CPU.Build.0 = Release|Any CPU
	EndGlobalSection
EndGlobal
